dependencies:
- name: mongodb
  repository: https://kubernetes-charts.storage.googleapis.com
  version: 4.1.1
- name: vault
  repository: https://kubernetes-charts-incubator.storage.googleapis.com/
  version: 0.12.0
- name: etcd
  repository: https://kubernetes-charts-incubator.storage.googleapis.com/
  version: 0.4.1
digest: sha256:d6fbff8aa366c8898223096f49eda368f48da9eff5231f1e44cfa7a1debaecf3
generated: 2018-08-17T19:23:55.126916906+01:00
